
Microsoft Visual Studio Solution File, Format Version 12.00
# Visual Studio Version 16
VisualStudioVersion = 16.0.31321.278
MinimumVisualStudioVersion = 10.0.40219.1
Project("{FAE04EC0-301F-11D3-BF4B-00C04F79EFBC}") = "Lti.Poc.Ocelot", "Lti.Poc.Ocelot\Lti.Poc.Ocelot.csproj", "{7BC59BED-D844-4850-BD94-D915A708C013}"
EndProject
Global
	GlobalSection(SolutionConfigurationPlatforms) = preSolution
		Debug|Any CPU = Debug|Any CPU
		Release|Any CPU = Release|Any CPU
	EndGlobalSection
	GlobalSection(ProjectConfigurationPlatforms) = postSolution
		{7BC59BED-D844-4850-BD94-D915A708C013}.Debug|Any CPU.ActiveCfg = Debug|Any CPU
		{7BC59BED-D844-4850-BD94-D915A708C013}.Debug|Any CPU.Build.0 = Debug|Any CPU
		{7BC59BED-D844-4850-BD94-D915A708C013}.Release|Any CPU.ActiveCfg = Release|Any CPU
		{7BC59BED-D844-4850-BD94-D915A708C013}.Release|Any CPU.Build.0 = Release|Any CPU
	EndGlobalSection
	GlobalSection(SolutionProperties) = preSolution
		HideSolutionNode = FALSE
	EndGlobalSection
	GlobalSection(ExtensibilityGlobals) = postSolution
		SolutionGuid = {C8BCC076-86BB-4F7B-829F-9F2DF58B7074}
	EndGlobalSection
EndGlobal
