
Microsoft Visual Studio Solution File, Format Version 12.00
# Visual Studio Version 16
VisualStudioVersion = 16.0.31321.278
MinimumVisualStudioVersion = 10.0.40219.1
Project("{FAE04EC0-301F-11D3-BF4B-00C04F79EFBC}") = "Lti.Poc.Ocelot", "Lti.Poc.Ocelot\Lti.Poc.Ocelot.csproj", "{B8EAB3ED-F1D5-47C1-B637-C684A5EB1541}"
EndProject
Global
	GlobalSection(SolutionConfigurationPlatforms) = preSolution
		Debug|Any CPU = Debug|Any CPU
		Release|Any CPU = Release|Any CPU
	EndGlobalSection
	GlobalSection(ProjectConfigurationPlatforms) = postSolution
		{B8EAB3ED-F1D5-47C1-B637-C684A5EB1541}.Debug|Any CPU.ActiveCfg = Debug|Any CPU
		{B8EAB3ED-F1D5-47C1-B637-C684A5EB1541}.Debug|Any CPU.Build.0 = Debug|Any CPU
		{B8EAB3ED-F1D5-47C1-B637-C684A5EB1541}.Release|Any CPU.ActiveCfg = Release|Any CPU
		{B8EAB3ED-F1D5-47C1-B637-C684A5EB1541}.Release|Any CPU.Build.0 = Release|Any CPU
	EndGlobalSection
	GlobalSection(SolutionProperties) = preSolution
		HideSolutionNode = FALSE
	EndGlobalSection
	GlobalSection(ExtensibilityGlobals) = postSolution
		SolutionGuid = {BD57F5D8-D52D-4A3F-BEB1-C856263E98B0}
	EndGlobalSection
EndGlobal
